
Microsoft Visual Studio Solution File, Format Version 12.00
# Visual Studio Version 16
VisualStudioVersion = 16.0.31112.23
MinimumVisualStudioVersion = 10.0.40219.1
Project("{9A19103F-16F7-4668-BE54-9A1E7A4F7556}") = "SkinFuryu.CostManager.WPFUI", "SkinFuryu.CostManager.WPFUI\SkinFuryu.CostManager.WPFUI.csproj", "{8FB89BBE-1A9D-4A7E-B30B-929D3251344D}"
EndProject
Project("{9A19103F-16F7-4668-BE54-9A1E7A4F7556}") = "SkinFuryu.CostManager.UIFront", "SkinFuryu.CostManager.UIFront\SkinFuryu.CostManager.UIFront.csproj", "{3951B504-5878-45BA-905B-F0BC6D16B3BA}"
EndProject
Project("{9A19103F-16F7-4668-BE54-9A1E7A4F7556}") = "SkinFuryu.CostManager.ApplicationLayer", "SkinFuryu.CostManager.ApplicationLayer\SkinFuryu.CostManager.ApplicationLayer.csproj", "{A5035EA7-7D62-428C-8658-543FD66F300D}"
EndProject
Project("{9A19103F-16F7-4668-BE54-9A1E7A4F7556}") = "SkinFuryu.CostManager.Domain", "SkinFuryu.CostManager.Domain\SkinFuryu.CostManager.Domain.csproj", "{92B0D2FF-35EB-4D46-9837-A33212AAD78C}"
EndProject
Project("{9A19103F-16F7-4668-BE54-9A1E7A4F7556}") = "SkinFuryu.CostManager.Infrastructure", "SkinFuryu.CostManager.Infrastructure\SkinFuryu.CostManager.Infrastructure.csproj", "{3424BF49-D0F8-46EA-A203-8519AFBF8951}"
EndProject
Global
	GlobalSection(SolutionConfigurationPlatforms) = preSolution
		Debug|Any CPU = Debug|Any CPU
		Release|Any CPU = Release|Any CPU
	EndGlobalSection
	GlobalSection(ProjectConfigurationPlatforms) = postSolution
		{8FB89BBE-1A9D-4A7E-B30B-929D3251344D}.Debug|Any CPU.ActiveCfg = Debug|Any CPU
		{8FB89BBE-1A9D-4A7E-B30B-929D3251344D}.Debug|Any CPU.Build.0 = Debug|Any CPU
		{8FB89BBE-1A9D-4A7E-B30B-929D3251344D}.Release|Any CPU.ActiveCfg = Release|Any CPU
		{8FB89BBE-1A9D-4A7E-B30B-929D3251344D}.Release|Any CPU.Build.0 = Release|Any CPU
		{3951B504-5878-45BA-905B-F0BC6D16B3BA}.Debug|Any CPU.ActiveCfg = Debug|Any CPU
		{3951B504-5878-45BA-905B-F0BC6D16B3BA}.Debug|Any CPU.Build.0 = Debug|Any CPU
		{3951B504-5878-45BA-905B-F0BC6D16B3BA}.Release|Any CPU.ActiveCfg = Release|Any CPU
		{3951B504-5878-45BA-905B-F0BC6D16B3BA}.Release|Any CPU.Build.0 = Release|Any CPU
		{A5035EA7-7D62-428C-8658-543FD66F300D}.Debug|Any CPU.ActiveCfg = Debug|Any CPU
		{A5035EA7-7D62-428C-8658-543FD66F300D}.Debug|Any CPU.Build.0 = Debug|Any CPU
		{A5035EA7-7D62-428C-8658-543FD66F300D}.Release|Any CPU.ActiveCfg = Release|Any CPU
		{A5035EA7-7D62-428C-8658-543FD66F300D}.Release|Any CPU.Build.0 = Release|Any CPU
		{92B0D2FF-35EB-4D46-9837-A33212AAD78C}.Debug|Any CPU.ActiveCfg = Debug|Any CPU
		{92B0D2FF-35EB-4D46-9837-A33212AAD78C}.Debug|Any CPU.Build.0 = Debug|Any CPU
		{92B0D2FF-35EB-4D46-9837-A33212AAD78C}.Release|Any CPU.ActiveCfg = Release|Any CPU
		{92B0D2FF-35EB-4D46-9837-A33212AAD78C}.Release|Any CPU.Build.0 = Release|Any CPU
		{3424BF49-D0F8-46EA-A203-8519AFBF8951}.Debug|Any CPU.ActiveCfg = Debug|Any CPU
		{3424BF49-D0F8-46EA-A203-8519AFBF8951}.Debug|Any CPU.Build.0 = Debug|Any CPU
		{3424BF49-D0F8-46EA-A203-8519AFBF8951}.Release|Any CPU.ActiveCfg = Release|Any CPU
		{3424BF49-D0F8-46EA-A203-8519AFBF8951}.Release|Any CPU.Build.0 = Release|Any CPU
	EndGlobalSection
	GlobalSection(SolutionProperties) = preSolution
		HideSolutionNode = FALSE
	EndGlobalSection
	GlobalSection(ExtensibilityGlobals) = postSolution
		SolutionGuid = {ADDCD128-3D4A-4360-8A96-74AF0281D406}
	EndGlobalSection
EndGlobal
